
Microsoft Visual Studio Solution File, Format Version 12.00
# Visual Studio Version 16
VisualStudioVersion = 25.0.1706.8
MinimumVisualStudioVersion = 10.0.40219.1
Project("{FAE04EC0-301F-11D3-BF4B-00C04F79EFBC}") = "spaceapi", "spaceapi\spaceapi.csproj", "{0B550BAF-9D73-4500-8493-711D196CAF35}"
EndProject
Project("{FAE04EC0-301F-11D3-BF4B-00C04F79EFBC}") = "spaceapi.tests", "spaceapi.tests\spaceapi.tests.csproj", "{BA4FB04F-F9EE-4047-ACDE-4BDEA3E89DAD}"
EndProject
Project("{FAE04EC0-301F-11D3-BF4B-00C04F79EFBC}") = "spaceapi.base.tests", "spaceapi.base.tests\spaceapi.base.tests.csproj", "{F5ED3192-C82A-4369-9CCB-4A6F5354B2F5}"
EndProject
Global
	GlobalSection(SolutionConfigurationPlatforms) = preSolution
		Debug|Any CPU = Debug|Any CPU
		Release|Any CPU = Release|Any CPU
	EndGlobalSection
	GlobalSection(ProjectConfigurationPlatforms) = postSolution
		{0B550BAF-9D73-4500-8493-711D196CAF35}.Debug|Any CPU.ActiveCfg = Debug|Any CPU
		{0B550BAF-9D73-4500-8493-711D196CAF35}.Debug|Any CPU.Build.0 = Debug|Any CPU
		{0B550BAF-9D73-4500-8493-711D196CAF35}.Release|Any CPU.ActiveCfg = Release|Any CPU
		{0B550BAF-9D73-4500-8493-711D196CAF35}.Release|Any CPU.Build.0 = Release|Any CPU
		{BA4FB04F-F9EE-4047-ACDE-4BDEA3E89DAD}.Debug|Any CPU.ActiveCfg = Debug|Any CPU
		{BA4FB04F-F9EE-4047-ACDE-4BDEA3E89DAD}.Debug|Any CPU.Build.0 = Debug|Any CPU
		{BA4FB04F-F9EE-4047-ACDE-4BDEA3E89DAD}.Release|Any CPU.ActiveCfg = Release|Any CPU
		{BA4FB04F-F9EE-4047-ACDE-4BDEA3E89DAD}.Release|Any CPU.Build.0 = Release|Any CPU
		{F5ED3192-C82A-4369-9CCB-4A6F5354B2F5}.Debug|Any CPU.ActiveCfg = Debug|Any CPU
		{F5ED3192-C82A-4369-9CCB-4A6F5354B2F5}.Debug|Any CPU.Build.0 = Debug|Any CPU
		{F5ED3192-C82A-4369-9CCB-4A6F5354B2F5}.Release|Any CPU.ActiveCfg = Release|Any CPU
		{F5ED3192-C82A-4369-9CCB-4A6F5354B2F5}.Release|Any CPU.Build.0 = Release|Any CPU
	EndGlobalSection
	GlobalSection(SolutionProperties) = preSolution
		HideSolutionNode = FALSE
	EndGlobalSection
	GlobalSection(ExtensibilityGlobals) = postSolution
		SolutionGuid = {DE5E78B5-E251-47E6-94D8-C079389C2DEA}
	EndGlobalSection
EndGlobal
